{
  "name": "tag_along",
  "requires": true,
  "lockfileVersion": 1,
  "dependencies": {
    "httpplease": {
      "version": "0.16.4",
      "resolved": "https://registry.npmjs.org/httpplease/-/httpplease-0.16.4.tgz",
      "integrity": "sha1-04Lr4jDvUHkIC06f/r8xap51wNo=",
      "requires": {
        "urllite": "0.5.0",
        "xmlhttprequest": "1.8.0",
        "xtend": "3.0.0"
      }
    },
    "once": {
      "version": "1.4.0",
      "resolved": "https://registry.npmjs.org/once/-/once-1.4.0.tgz",
      "integrity": "sha1-WDsap3WWHUsROsF9nFC6753Xa9E=",
      "requires": {
        "wrappy": "1.0.2"
      }
    },
    "react-inlinesvg": {
      "version": "0.7.4",
      "resolved": "https://registry.npmjs.org/react-inlinesvg/-/react-inlinesvg-0.7.4.tgz",
      "integrity": "sha512-HKTlI9dFRW7tOpBmXwcvAmMEWMw3VPBUH9W/3reFct0QylbhkvyIsLog2AG5yzRi3QSdFNq5ArLmdCAaLh81vw==",
      "requires": {
        "httpplease": "0.16.4",
        "once": "1.4.0"
      }
    },
    "urllite": {
      "version": "0.5.0",
      "resolved": "https://registry.npmjs.org/urllite/-/urllite-0.5.0.tgz",
      "integrity": "sha1-G3u5yj+w25Ug3hE0ZrvPfMNBRRo=",
      "requires": {
        "xtend": "4.0.1"
      },
      "dependencies": {
        "xtend": {
          "version": "4.0.1",
          "resolved": "https://registry.npmjs.org/xtend/-/xtend-4.0.1.tgz",
          "integrity": "sha1-pcbVMr5lbiPbgg77lDofBJmNY68="
        }
      }
    },
    "wrappy": {
      "version": "1.0.2",
      "resolved": "https://registry.npmjs.org/wrappy/-/wrappy-1.0.2.tgz",
      "integrity": "sha1-tSQ9jz7BqjXxNkYFvA0QNuMKtp8="
    },
    "xmlhttprequest": {
      "version": "1.8.0",
      "resolved": "https://registry.npmjs.org/xmlhttprequest/-/xmlhttprequest-1.8.0.tgz",
      "integrity": "sha1-Z/4HXFwk/vOfnWX197f+dRcZaPw="
    },
    "xtend": {
      "version": "3.0.0",
      "resolved": "https://registry.npmjs.org/xtend/-/xtend-3.0.0.tgz",
      "integrity": "sha1-XM50B7r2Qsunvs2laBEcST9ZZlo="
    }
  }
}
